
Microsoft Visual Studio Solution File, Format Version 12.00
# Visual Studio Version 16
VisualStudioVersion = 16.0.30621.155
MinimumVisualStudioVersion = 10.0.40219.1
Project("{FAE04EC0-301F-11D3-BF4B-00C04F79EFBC}") = "NorthwindWeb", "NorthwindWeb\NorthwindWeb.csproj", "{F47B6ED9-5B20-4C44-AB10-9A1814DC3531}"
EndProject
Global
	GlobalSection(SolutionConfigurationPlatforms) = preSolution
		Debug|Any CPU = Debug|Any CPU
		Release|Any CPU = Release|Any CPU
	EndGlobalSection
	GlobalSection(ProjectConfigurationPlatforms) = postSolution
		{F47B6ED9-5B20-4C44-AB10-9A1814DC3531}.Debug|Any CPU.ActiveCfg = Debug|Any CPU
		{F47B6ED9-5B20-4C44-AB10-9A1814DC3531}.Debug|Any CPU.Build.0 = Debug|Any CPU
		{F47B6ED9-5B20-4C44-AB10-9A1814DC3531}.Release|Any CPU.ActiveCfg = Release|Any CPU
		{F47B6ED9-5B20-4C44-AB10-9A1814DC3531}.Release|Any CPU.Build.0 = Release|Any CPU
	EndGlobalSection
	GlobalSection(SolutionProperties) = preSolution
		HideSolutionNode = FALSE
	EndGlobalSection
	GlobalSection(ExtensibilityGlobals) = postSolution
		SolutionGuid = {21D9E1A9-690C-4949-8B61-019B1A53F2C9}
	EndGlobalSection
EndGlobal
